
Microsoft Visual Studio Solution File, Format Version 12.00
# Visual Studio 15
VisualStudioVersion = 15.0.28010.2003
MinimumVisualStudioVersion = 10.0.40219.1
Project("{FAE04EC0-301F-11D3-BF4B-00C04F79EFBC}") = "Minesweeper", "Minesweeper\Minesweeper.csproj", "{285DC576-B521-40EE-BC13-8E4F568323CD}"
EndProject
Global
	GlobalSection(SolutionConfigurationPlatforms) = preSolution
		Debug|Any CPU = Debug|Any CPU
		Release|Any CPU = Release|Any CPU
	EndGlobalSection
	GlobalSection(ProjectConfigurationPlatforms) = postSolution
		{285DC576-B521-40EE-BC13-8E4F568323CD}.Debug|Any CPU.ActiveCfg = Debug|Any CPU
		{285DC576-B521-40EE-BC13-8E4F568323CD}.Debug|Any CPU.Build.0 = Debug|Any CPU
		{285DC576-B521-40EE-BC13-8E4F568323CD}.Release|Any CPU.ActiveCfg = Release|Any CPU
		{285DC576-B521-40EE-BC13-8E4F568323CD}.Release|Any CPU.Build.0 = Release|Any CPU
	EndGlobalSection
	GlobalSection(SolutionProperties) = preSolution
		HideSolutionNode = FALSE
	EndGlobalSection
	GlobalSection(ExtensibilityGlobals) = postSolution
		SolutionGuid = {03422D0F-CE43-403F-95F8-43C2AE825D61}
	EndGlobalSection
EndGlobal
